
Microsoft Visual Studio Solution File, Format Version 12.00
# Visual Studio 14
VisualStudioVersion = 14.0.23107.0
MinimumVisualStudioVersion = 10.0.40219.1
Project("{FAE04EC0-301F-11D3-BF4B-00C04F79EFBC}") = "KenChainer", "KenChainer\KenChainer.csproj", "{A095E24E-E8B4-49D2-9BBC-D17899B6E97E}"
	ProjectSection(ProjectDependencies) = postProject
		{1CB3860C-8343-4F0B-927E-438ECA3046CC} = {1CB3860C-8343-4F0B-927E-438ECA3046CC}
		{239A1A23-6E93-4A44-9F7A-D6AF6BDC1B12} = {239A1A23-6E93-4A44-9F7A-D6AF6BDC1B12}
		{333FBF8C-63F3-4AB5-A0F5-603AF594912D} = {333FBF8C-63F3-4AB5-A0F5-603AF594912D}
	EndProjectSection
EndProject
Project("{2150E333-8FDC-42A3-9474-1A3956D46DE8}") = "Solution Items", "Solution Items", "{79474F3A-DBEF-4E04-A7D6-D53C64EED2C3}"
	ProjectSection(SolutionItems) = preProject
		LICENSE = LICENSE
		README.md = README.md
	EndProjectSection
EndProject
Project("{8BB2217D-0F2D-49D1-97BC-3654ED321F3B}") = "KenChainer.Core", "KenChainer.Core\KenChainer.Core.xproj", "{1CB3860C-8343-4F0B-927E-438ECA3046CC}"
EndProject
Project("{8BB2217D-0F2D-49D1-97BC-3654ED321F3B}") = "KenChainer.Solvers", "KenChainer.Solvers\KenChainer.Solvers.xproj", "{333FBF8C-63F3-4AB5-A0F5-603AF594912D}"
EndProject
Project("{8BB2217D-0F2D-49D1-97BC-3654ED321F3B}") = "KenChainer.Validators", "KenChainer.Validators\KenChainer.Validators.xproj", "{239A1A23-6E93-4A44-9F7A-D6AF6BDC1B12}"
EndProject
Project("{FAE04EC0-301F-11D3-BF4B-00C04F79EFBC}") = "KenChainer.Universal", "KenChainer.Universal\KenChainer.Universal.csproj", "{94DF8CB1-510E-47BF-9A61-22DC146DE2EA}"
EndProject
Global
	GlobalSection(SolutionConfigurationPlatforms) = preSolution
		Debug|Any CPU = Debug|Any CPU
		Debug|ARM = Debug|ARM
		Debug|x64 = Debug|x64
		Debug|x86 = Debug|x86
		Release|Any CPU = Release|Any CPU
		Release|ARM = Release|ARM
		Release|x64 = Release|x64
		Release|x86 = Release|x86
	EndGlobalSection
	GlobalSection(ProjectConfigurationPlatforms) = postSolution
		{A095E24E-E8B4-49D2-9BBC-D17899B6E97E}.Debug|Any CPU.ActiveCfg = Debug|Any CPU
		{A095E24E-E8B4-49D2-9BBC-D17899B6E97E}.Debug|Any CPU.Build.0 = Debug|Any CPU
		{A095E24E-E8B4-49D2-9BBC-D17899B6E97E}.Debug|ARM.ActiveCfg = Debug|Any CPU
		{A095E24E-E8B4-49D2-9BBC-D17899B6E97E}.Debug|ARM.Build.0 = Debug|Any CPU
		{A095E24E-E8B4-49D2-9BBC-D17899B6E97E}.Debug|x64.ActiveCfg = Debug|Any CPU
		{A095E24E-E8B4-49D2-9BBC-D17899B6E97E}.Debug|x64.Build.0 = Debug|Any CPU
		{A095E24E-E8B4-49D2-9BBC-D17899B6E97E}.Debug|x86.ActiveCfg = Debug|Any CPU
		{A095E24E-E8B4-49D2-9BBC-D17899B6E97E}.Debug|x86.Build.0 = Debug|Any CPU
		{A095E24E-E8B4-49D2-9BBC-D17899B6E97E}.Release|Any CPU.ActiveCfg = Release|Any CPU
		{A095E24E-E8B4-49D2-9BBC-D17899B6E97E}.Release|Any CPU.Build.0 = Release|Any CPU
		{A095E24E-E8B4-49D2-9BBC-D17899B6E97E}.Release|ARM.ActiveCfg = Release|Any CPU
		{A095E24E-E8B4-49D2-9BBC-D17899B6E97E}.Release|ARM.Build.0 = Release|Any CPU
		{A095E24E-E8B4-49D2-9BBC-D17899B6E97E}.Release|x64.ActiveCfg = Release|Any CPU
		{A095E24E-E8B4-49D2-9BBC-D17899B6E97E}.Release|x64.Build.0 = Release|Any CPU
		{A095E24E-E8B4-49D2-9BBC-D17899B6E97E}.Release|x86.ActiveCfg = Release|Any CPU
		{A095E24E-E8B4-49D2-9BBC-D17899B6E97E}.Release|x86.Build.0 = Release|Any CPU
		{1CB3860C-8343-4F0B-927E-438ECA3046CC}.Debug|Any CPU.ActiveCfg = Debug|Any CPU
		{1CB3860C-8343-4F0B-927E-438ECA3046CC}.Debug|Any CPU.Build.0 = Debug|Any CPU
		{1CB3860C-8343-4F0B-927E-438ECA3046CC}.Debug|ARM.ActiveCfg = Debug|Any CPU
		{1CB3860C-8343-4F0B-927E-438ECA3046CC}.Debug|ARM.Build.0 = Debug|Any CPU
		{1CB3860C-8343-4F0B-927E-438ECA3046CC}.Debug|x64.ActiveCfg = Debug|Any CPU
		{1CB3860C-8343-4F0B-927E-438ECA3046CC}.Debug|x64.Build.0 = Debug|Any CPU
		{1CB3860C-8343-4F0B-927E-438ECA3046CC}.Debug|x86.ActiveCfg = Debug|Any CPU
		{1CB3860C-8343-4F0B-927E-438ECA3046CC}.Debug|x86.Build.0 = Debug|Any CPU
		{1CB3860C-8343-4F0B-927E-438ECA3046CC}.Release|Any CPU.ActiveCfg = Release|Any CPU
		{1CB3860C-8343-4F0B-927E-438ECA3046CC}.Release|Any CPU.Build.0 = Release|Any CPU
		{1CB3860C-8343-4F0B-927E-438ECA3046CC}.Release|ARM.ActiveCfg = Release|Any CPU
		{1CB3860C-8343-4F0B-927E-438ECA3046CC}.Release|ARM.Build.0 = Release|Any CPU
		{1CB3860C-8343-4F0B-927E-438ECA3046CC}.Release|x64.ActiveCfg = Release|Any CPU
		{1CB3860C-8343-4F0B-927E-438ECA3046CC}.Release|x64.Build.0 = Release|Any CPU
		{1CB3860C-8343-4F0B-927E-438ECA3046CC}.Release|x86.ActiveCfg = Release|Any CPU
		{1CB3860C-8343-4F0B-927E-438ECA3046CC}.Release|x86.Build.0 = Release|Any CPU
		{333FBF8C-63F3-4AB5-A0F5-603AF594912D}.Debug|Any CPU.ActiveCfg = Debug|Any CPU
		{333FBF8C-63F3-4AB5-A0F5-603AF594912D}.Debug|Any CPU.Build.0 = Debug|Any CPU
		{333FBF8C-63F3-4AB5-A0F5-603AF594912D}.Debug|ARM.ActiveCfg = Debug|Any CPU
		{333FBF8C-63F3-4AB5-A0F5-603AF594912D}.Debug|ARM.Build.0 = Debug|Any CPU
		{333FBF8C-63F3-4AB5-A0F5-603AF594912D}.Debug|x64.ActiveCfg = Debug|Any CPU
		{333FBF8C-63F3-4AB5-A0F5-603AF594912D}.Debug|x64.Build.0 = Debug|Any CPU
		{333FBF8C-63F3-4AB5-A0F5-603AF594912D}.Debug|x86.ActiveCfg = Debug|Any CPU
		{333FBF8C-63F3-4AB5-A0F5-603AF594912D}.Debug|x86.Build.0 = Debug|Any CPU
		{333FBF8C-63F3-4AB5-A0F5-603AF594912D}.Release|Any CPU.ActiveCfg = Release|Any CPU
		{333FBF8C-63F3-4AB5-A0F5-603AF594912D}.Release|Any CPU.Build.0 = Release|Any CPU
		{333FBF8C-63F3-4AB5-A0F5-603AF594912D}.Release|ARM.ActiveCfg = Release|Any CPU
		{333FBF8C-63F3-4AB5-A0F5-603AF594912D}.Release|ARM.Build.0 = Release|Any CPU
		{333FBF8C-63F3-4AB5-A0F5-603AF594912D}.Release|x64.ActiveCfg = Release|Any CPU
		{333FBF8C-63F3-4AB5-A0F5-603AF594912D}.Release|x64.Build.0 = Release|Any CPU
		{333FBF8C-63F3-4AB5-A0F5-603AF594912D}.Release|x86.ActiveCfg = Release|Any CPU
		{333FBF8C-63F3-4AB5-A0F5-603AF594912D}.Release|x86.Build.0 = Release|Any CPU
		{239A1A23-6E93-4A44-9F7A-D6AF6BDC1B12}.Debug|Any CPU.ActiveCfg = Debug|Any CPU
		{239A1A23-6E93-4A44-9F7A-D6AF6BDC1B12}.Debug|Any CPU.Build.0 = Debug|Any CPU
		{239A1A23-6E93-4A44-9F7A-D6AF6BDC1B12}.Debug|ARM.ActiveCfg = Debug|Any CPU
		{239A1A23-6E93-4A44-9F7A-D6AF6BDC1B12}.Debug|ARM.Build.0 = Debug|Any CPU
		{239A1A23-6E93-4A44-9F7A-D6AF6BDC1B12}.Debug|x64.ActiveCfg = Debug|Any CPU
		{239A1A23-6E93-4A44-9F7A-D6AF6BDC1B12}.Debug|x64.Build.0 = Debug|Any CPU
		{239A1A23-6E93-4A44-9F7A-D6AF6BDC1B12}.Debug|x86.ActiveCfg = Debug|Any CPU
		{239A1A23-6E93-4A44-9F7A-D6AF6BDC1B12}.Debug|x86.Build.0 = Debug|Any CPU
		{239A1A23-6E93-4A44-9F7A-D6AF6BDC1B12}.Release|Any CPU.ActiveCfg = Release|Any CPU
		{239A1A23-6E93-4A44-9F7A-D6AF6BDC1B12}.Release|Any CPU.Build.0 = Release|Any CPU
		{239A1A23-6E93-4A44-9F7A-D6AF6BDC1B12}.Release|ARM.ActiveCfg = Release|Any CPU
		{239A1A23-6E93-4A44-9F7A-D6AF6BDC1B12}.Release|ARM.Build.0 = Release|Any CPU
		{239A1A23-6E93-4A44-9F7A-D6AF6BDC1B12}.Release|x64.ActiveCfg = Release|Any CPU
		{239A1A23-6E93-4A44-9F7A-D6AF6BDC1B12}.Release|x64.Build.0 = Release|Any CPU
		{239A1A23-6E93-4A44-9F7A-D6AF6BDC1B12}.Release|x86.ActiveCfg = Release|Any CPU
		{239A1A23-6E93-4A44-9F7A-D6AF6BDC1B12}.Release|x86.Build.0 = Release|Any CPU
		{94DF8CB1-510E-47BF-9A61-22DC146DE2EA}.Debug|Any CPU.ActiveCfg = Debug|x86
		{94DF8CB1-510E-47BF-9A61-22DC146DE2EA}.Debug|ARM.ActiveCfg = Debug|ARM
		{94DF8CB1-510E-47BF-9A61-22DC146DE2EA}.Debug|ARM.Build.0 = Debug|ARM
		{94DF8CB1-510E-47BF-9A61-22DC146DE2EA}.Debug|ARM.Deploy.0 = Debug|ARM
		{94DF8CB1-510E-47BF-9A61-22DC146DE2EA}.Debug|x64.ActiveCfg = Debug|x64
		{94DF8CB1-510E-47BF-9A61-22DC146DE2EA}.Debug|x64.Build.0 = Debug|x64
		{94DF8CB1-510E-47BF-9A61-22DC146DE2EA}.Debug|x64.Deploy.0 = Debug|x64
		{94DF8CB1-510E-47BF-9A61-22DC146DE2EA}.Debug|x86.ActiveCfg = Debug|x86
		{94DF8CB1-510E-47BF-9A61-22DC146DE2EA}.Debug|x86.Build.0 = Debug|x86
		{94DF8CB1-510E-47BF-9A61-22DC146DE2EA}.Debug|x86.Deploy.0 = Debug|x86
		{94DF8CB1-510E-47BF-9A61-22DC146DE2EA}.Release|Any CPU.ActiveCfg = Release|x86
		{94DF8CB1-510E-47BF-9A61-22DC146DE2EA}.Release|ARM.ActiveCfg = Release|ARM
		{94DF8CB1-510E-47BF-9A61-22DC146DE2EA}.Release|ARM.Build.0 = Release|ARM
		{94DF8CB1-510E-47BF-9A61-22DC146DE2EA}.Release|ARM.Deploy.0 = Release|ARM
		{94DF8CB1-510E-47BF-9A61-22DC146DE2EA}.Release|x64.ActiveCfg = Release|x64
		{94DF8CB1-510E-47BF-9A61-22DC146DE2EA}.Release|x64.Build.0 = Release|x64
		{94DF8CB1-510E-47BF-9A61-22DC146DE2EA}.Release|x64.Deploy.0 = Release|x64
		{94DF8CB1-510E-47BF-9A61-22DC146DE2EA}.Release|x86.ActiveCfg = Release|x86
		{94DF8CB1-510E-47BF-9A61-22DC146DE2EA}.Release|x86.Build.0 = Release|x86
		{94DF8CB1-510E-47BF-9A61-22DC146DE2EA}.Release|x86.Deploy.0 = Release|x86
	EndGlobalSection
	GlobalSection(SolutionProperties) = preSolution
		HideSolutionNode = FALSE
	EndGlobalSection
EndGlobal
